
Microsoft Visual Studio Solution File, Format Version 12.00
# Visual Studio Version 17
VisualStudioVersion = 17.9.34728.123
MinimumVisualStudioVersion = 10.0.40219.1
Project("{8BC9CEB8-8B4A-11D0-8D11-00A0C91BC942}") = "3d_gasket", "3d_gasket\3d_gasket.vcxproj", "{154BBD39-D1A7-460F-8895-B21FF0E9009B}"
EndProject
Global
	GlobalSection(SolutionConfigurationPlatforms) = preSolution
		Debug|x64 = Debug|x64
		Debug|x86 = Debug|x86
		Release|x64 = Release|x64
		Release|x86 = Release|x86
	EndGlobalSection
	GlobalSection(ProjectConfigurationPlatforms) = postSolution
		{154BBD39-D1A7-460F-8895-B21FF0E9009B}.Debug|x64.ActiveCfg = Debug|x64
		{154BBD39-D1A7-460F-8895-B21FF0E9009B}.Debug|x64.Build.0 = Debug|x64
		{154BBD39-D1A7-460F-8895-B21FF0E9009B}.Debug|x86.ActiveCfg = Debug|Win32
		{154BBD39-D1A7-460F-8895-B21FF0E9009B}.Debug|x86.Build.0 = Debug|Win32
		{154BBD39-D1A7-460F-8895-B21FF0E9009B}.Release|x64.ActiveCfg = Release|x64
		{154BBD39-D1A7-460F-8895-B21FF0E9009B}.Release|x64.Build.0 = Release|x64
		{154BBD39-D1A7-460F-8895-B21FF0E9009B}.Release|x86.ActiveCfg = Release|Win32
		{154BBD39-D1A7-460F-8895-B21FF0E9009B}.Release|x86.Build.0 = Release|Win32
	EndGlobalSection
	GlobalSection(SolutionProperties) = preSolution
		HideSolutionNode = FALSE
	EndGlobalSection
	GlobalSection(ExtensibilityGlobals) = postSolution
		SolutionGuid = {B682E7FF-2088-4482-8B8A-EC0DEBFC96D3}
	EndGlobalSection
EndGlobal
